
Microsoft Visual Studio Solution File, Format Version 12.00
# Visual Studio Version 17
VisualStudioVersion = 17.3.32901.215
MinimumVisualStudioVersion = 10.0.40219.1
Project("{FAE04EC0-301F-11D3-BF4B-00C04F79EFBC}") = "WindowsFormsApp2", "WindowsFormsApp2\WindowsFormsApp2.csproj", "{4E155FE4-F075-4528-919A-8152C1A9065C}"
EndProject
Global
	GlobalSection(SolutionConfigurationPlatforms) = preSolution
		Debug|Any CPU = Debug|Any CPU
		Release|Any CPU = Release|Any CPU
	EndGlobalSection
	GlobalSection(ProjectConfigurationPlatforms) = postSolution
		{4E155FE4-F075-4528-919A-8152C1A9065C}.Debug|Any CPU.ActiveCfg = Debug|Any CPU
		{4E155FE4-F075-4528-919A-8152C1A9065C}.Debug|Any CPU.Build.0 = Debug|Any CPU
		{4E155FE4-F075-4528-919A-8152C1A9065C}.Release|Any CPU.ActiveCfg = Release|Any CPU
		{4E155FE4-F075-4528-919A-8152C1A9065C}.Release|Any CPU.Build.0 = Release|Any CPU
	EndGlobalSection
	GlobalSection(SolutionProperties) = preSolution
		HideSolutionNode = FALSE
	EndGlobalSection
	GlobalSection(ExtensibilityGlobals) = postSolution
		SolutionGuid = {F0671860-F526-4BE2-B67A-9D0B4D21F74A}
	EndGlobalSection
EndGlobal
